
Microsoft Visual Studio Solution File, Format Version 12.00
# Visual Studio 2013
VisualStudioVersion = 12.0.30723.0
MinimumVisualStudioVersion = 10.0.40219.1
Project("{FAE04EC0-301F-11D3-BF4B-00C04F79EFBC}") = "InsurCloud.Vehicle.Api", "InsurCloud.Vehicle.Api\InsurCloud.Vehicle.Api.csproj", "{550FB9A8-D488-4E8E-A16F-C9627150323B}"
EndProject
Project("{FAE04EC0-301F-11D3-BF4B-00C04F79EFBC}") = "EdmundsVehicles", "EdmundsVehicles\EdmundsVehicles.csproj", "{F6BAAF56-74D2-476A-9207-77BECEBE1E27}"
EndProject
Project("{FAE04EC0-301F-11D3-BF4B-00C04F79EFBC}") = "ReloadEdmundVehicles", "ReloadEdmundVehicles\ReloadEdmundVehicles\ReloadEdmundVehicles.csproj", "{0D2E1DF1-A3F3-445B-9699-7FC65E6B89FF}"
EndProject
Global
	GlobalSection(SolutionConfigurationPlatforms) = preSolution
		Debug|Any CPU = Debug|Any CPU
		Release|Any CPU = Release|Any CPU
	EndGlobalSection
	GlobalSection(ProjectConfigurationPlatforms) = postSolution
		{550FB9A8-D488-4E8E-A16F-C9627150323B}.Debug|Any CPU.ActiveCfg = Debug|Any CPU
		{550FB9A8-D488-4E8E-A16F-C9627150323B}.Debug|Any CPU.Build.0 = Debug|Any CPU
		{550FB9A8-D488-4E8E-A16F-C9627150323B}.Release|Any CPU.ActiveCfg = Release|Any CPU
		{550FB9A8-D488-4E8E-A16F-C9627150323B}.Release|Any CPU.Build.0 = Release|Any CPU
		{F6BAAF56-74D2-476A-9207-77BECEBE1E27}.Debug|Any CPU.ActiveCfg = Debug|Any CPU
		{F6BAAF56-74D2-476A-9207-77BECEBE1E27}.Debug|Any CPU.Build.0 = Debug|Any CPU
		{F6BAAF56-74D2-476A-9207-77BECEBE1E27}.Release|Any CPU.ActiveCfg = Release|Any CPU
		{F6BAAF56-74D2-476A-9207-77BECEBE1E27}.Release|Any CPU.Build.0 = Release|Any CPU
		{0D2E1DF1-A3F3-445B-9699-7FC65E6B89FF}.Debug|Any CPU.ActiveCfg = Debug|Any CPU
		{0D2E1DF1-A3F3-445B-9699-7FC65E6B89FF}.Debug|Any CPU.Build.0 = Debug|Any CPU
		{0D2E1DF1-A3F3-445B-9699-7FC65E6B89FF}.Release|Any CPU.ActiveCfg = Release|Any CPU
		{0D2E1DF1-A3F3-445B-9699-7FC65E6B89FF}.Release|Any CPU.Build.0 = Release|Any CPU
	EndGlobalSection
	GlobalSection(SolutionProperties) = preSolution
		HideSolutionNode = FALSE
	EndGlobalSection
EndGlobal
