
Microsoft Visual Studio Solution File, Format Version 12.00
# Visual Studio 2013
VisualStudioVersion = 12.0.30723.0
MinimumVisualStudioVersion = 10.0.40219.1
Project("{CC5FD16D-436D-48AD-A40C-5A424C6E3E79}") = "Rating", "Rating\Rating.ccproj", "{403F2B4B-640C-4239-8D28-E525567B1E63}"
EndProject
Project("{FAE04EC0-301F-11D3-BF4B-00C04F79EFBC}") = "RatingWR", "RatingWR\RatingWR.csproj", "{FEE82FF8-B207-4D3A-A484-41E9B5CEF0D8}"
EndProject
Project("{FAE04EC0-301F-11D3-BF4B-00C04F79EFBC}") = "Helpers", "..\Helpers\Helpers.csproj", "{B81FEFE3-3A7F-45C4-A006-BD4818E8E022}"
EndProject
Project("{FAE04EC0-301F-11D3-BF4B-00C04F79EFBC}") = "RatingTester", "RatingTester\RatingTester.csproj", "{8BC71045-620F-49BB-94D2-BC575467344A}"
EndProject
Project("{FAE04EC0-301F-11D3-BF4B-00C04F79EFBC}") = "QuoteExchangeHelpers", "QuoteExchangeHelpers\QuoteExchangeHelpers.csproj", "{742E39A7-24D4-482F-86CF-EFB49C33DC6C}"
EndProject
Global
	GlobalSection(SolutionConfigurationPlatforms) = preSolution
		Debug|Any CPU = Debug|Any CPU
		Release|Any CPU = Release|Any CPU
	EndGlobalSection
	GlobalSection(ProjectConfigurationPlatforms) = postSolution
		{403F2B4B-640C-4239-8D28-E525567B1E63}.Debug|Any CPU.ActiveCfg = Debug|Any CPU
		{403F2B4B-640C-4239-8D28-E525567B1E63}.Debug|Any CPU.Build.0 = Debug|Any CPU
		{403F2B4B-640C-4239-8D28-E525567B1E63}.Release|Any CPU.ActiveCfg = Release|Any CPU
		{403F2B4B-640C-4239-8D28-E525567B1E63}.Release|Any CPU.Build.0 = Release|Any CPU
		{FEE82FF8-B207-4D3A-A484-41E9B5CEF0D8}.Debug|Any CPU.ActiveCfg = Debug|Any CPU
		{FEE82FF8-B207-4D3A-A484-41E9B5CEF0D8}.Debug|Any CPU.Build.0 = Debug|Any CPU
		{FEE82FF8-B207-4D3A-A484-41E9B5CEF0D8}.Release|Any CPU.ActiveCfg = Release|Any CPU
		{FEE82FF8-B207-4D3A-A484-41E9B5CEF0D8}.Release|Any CPU.Build.0 = Release|Any CPU
		{B81FEFE3-3A7F-45C4-A006-BD4818E8E022}.Debug|Any CPU.ActiveCfg = Debug|Any CPU
		{B81FEFE3-3A7F-45C4-A006-BD4818E8E022}.Debug|Any CPU.Build.0 = Debug|Any CPU
		{B81FEFE3-3A7F-45C4-A006-BD4818E8E022}.Release|Any CPU.ActiveCfg = Release|Any CPU
		{B81FEFE3-3A7F-45C4-A006-BD4818E8E022}.Release|Any CPU.Build.0 = Release|Any CPU
		{8BC71045-620F-49BB-94D2-BC575467344A}.Debug|Any CPU.ActiveCfg = Debug|Any CPU
		{8BC71045-620F-49BB-94D2-BC575467344A}.Debug|Any CPU.Build.0 = Debug|Any CPU
		{8BC71045-620F-49BB-94D2-BC575467344A}.Release|Any CPU.ActiveCfg = Release|Any CPU
		{8BC71045-620F-49BB-94D2-BC575467344A}.Release|Any CPU.Build.0 = Release|Any CPU
		{742E39A7-24D4-482F-86CF-EFB49C33DC6C}.Debug|Any CPU.ActiveCfg = Debug|Any CPU
		{742E39A7-24D4-482F-86CF-EFB49C33DC6C}.Debug|Any CPU.Build.0 = Debug|Any CPU
		{742E39A7-24D4-482F-86CF-EFB49C33DC6C}.Release|Any CPU.ActiveCfg = Release|Any CPU
		{742E39A7-24D4-482F-86CF-EFB49C33DC6C}.Release|Any CPU.Build.0 = Release|Any CPU
	EndGlobalSection
	GlobalSection(SolutionProperties) = preSolution
		HideSolutionNode = FALSE
	EndGlobalSection
EndGlobal
