
Microsoft Visual Studio Solution File, Format Version 12.00
# Visual Studio 2013
VisualStudioVersion = 12.0.30723.0
MinimumVisualStudioVersion = 10.0.40219.1
Project("{FAE04EC0-301F-11D3-BF4B-00C04F79EFBC}") = "InsurCloud.Diary.Api", "InsurCloudDiary.Api\InsurCloud.Diary.Api.csproj", "{2814BF7C-EE46-491A-9928-E1BBB86D35C9}"
EndProject
Project("{2150E333-8FDC-42A3-9474-1A3956D46DE8}") = ".nuget", ".nuget", "{3BF68FDB-E2EB-4640-BBB8-78A10BE1815C}"
	ProjectSection(SolutionItems) = preProject
		.nuget\packages.config = .nuget\packages.config
	EndProjectSection
EndProject
Global
	GlobalSection(SolutionConfigurationPlatforms) = preSolution
		Debug|Any CPU = Debug|Any CPU
		Release|Any CPU = Release|Any CPU
	EndGlobalSection
	GlobalSection(ProjectConfigurationPlatforms) = postSolution
		{2814BF7C-EE46-491A-9928-E1BBB86D35C9}.Debug|Any CPU.ActiveCfg = Debug|Any CPU
		{2814BF7C-EE46-491A-9928-E1BBB86D35C9}.Debug|Any CPU.Build.0 = Debug|Any CPU
		{2814BF7C-EE46-491A-9928-E1BBB86D35C9}.Release|Any CPU.ActiveCfg = Release|Any CPU
		{2814BF7C-EE46-491A-9928-E1BBB86D35C9}.Release|Any CPU.Build.0 = Release|Any CPU
	EndGlobalSection
	GlobalSection(SolutionProperties) = preSolution
		HideSolutionNode = FALSE
	EndGlobalSection
EndGlobal
